
Microsoft Visual Studio Solution File, Format Version 12.00
Project("{FAE04EC0-301F-11D3-BF4B-00C04F79EFBC}") = "FirstApp", "FirstApp\FirstApp.csproj", "{31BFDD44-D10F-4CFD-A768-5333E37F2076}"
EndProject
Global
	GlobalSection(SolutionConfigurationPlatforms) = preSolution
		Debug|Any CPU = Debug|Any CPU
		Release|Any CPU = Release|Any CPU
	EndGlobalSection
	GlobalSection(ProjectConfigurationPlatforms) = postSolution
		{87DBC7BD-9D3C-44E1-A14F-FAAFA0EAA12B}.Debug|Any CPU.ActiveCfg = Debug|Any CPU
		{87DBC7BD-9D3C-44E1-A14F-FAAFA0EAA12B}.Debug|Any CPU.Build.0 = Debug|Any CPU
		{87DBC7BD-9D3C-44E1-A14F-FAAFA0EAA12B}.Release|Any CPU.ActiveCfg = Release|Any CPU
		{87DBC7BD-9D3C-44E1-A14F-FAAFA0EAA12B}.Release|Any CPU.Build.0 = Release|Any CPU
		{31BFDD44-D10F-4CFD-A768-5333E37F2076}.Debug|Any CPU.ActiveCfg = Debug|Any CPU
		{31BFDD44-D10F-4CFD-A768-5333E37F2076}.Debug|Any CPU.Build.0 = Debug|Any CPU
		{31BFDD44-D10F-4CFD-A768-5333E37F2076}.Release|Any CPU.ActiveCfg = Release|Any CPU
		{31BFDD44-D10F-4CFD-A768-5333E37F2076}.Release|Any CPU.Build.0 = Release|Any CPU
	EndGlobalSection
EndGlobal
